// !$*UTF8*$!
{
	archiveVersion = 1;
	classes = {
	};
	objectVersion = 50;
	objects = {

/* Begin PBXBuildFile section */
		5B3E438F248E6BF800C74E34 /* UserInfoManager.swift in Sources */ = {isa = PBXBuildFile; fileRef = 5B3E438E248E6BF800C74E34 /* UserInfoManager.swift */; };
		5B47900223FAF77600DFF64E /* icon04.png in Resources */ = {isa = PBXBuildFile; fileRef = 5B478FF923FAF77600DFF64E /* icon04.png */; };
		5B47900323FAF77600DFF64E /* icon05.png in Resources */ = {isa = PBXBuildFile; fileRef = 5B478FFA23FAF77600DFF64E /* icon05.png */; };
		5B47900423FAF77600DFF64E /* icon02.png in Resources */ = {isa = PBXBuildFile; fileRef = 5B478FFB23FAF77600DFF64E /* icon02.png */; };
		5B47900523FAF77600DFF64E /* sidemenu.png in Resources */ = {isa = PBXBuildFile; fileRef = 5B478FFC23FAF77600DFF64E /* sidemenu.png */; };
		5B47900623FAF77600DFF64E /* profile-bg.png in Resources */ = {isa = PBXBuildFile; fileRef = 5B478FFD23FAF77600DFF64E /* profile-bg.png */; };
		5B47900723FAF77600DFF64E /* account@2x.jpg in Resources */ = {isa = PBXBuildFile; fileRef = 5B478FFE23FAF77600DFF64E /* account@2x.jpg */; };
		5B47900823FAF77600DFF64E /* icon06.png in Resources */ = {isa = PBXBuildFile; fileRef = 5B478FFF23FAF77600DFF64E /* icon06.png */; };
		5B47900923FAF77600DFF64E /* icon01.png in Resources */ = {isa = PBXBuildFile; fileRef = 5B47900023FAF77600DFF64E /* icon01.png */; };
		5B47900A23FAF77600DFF64E /* icon03.png in Resources */ = {isa = PBXBuildFile; fileRef = 5B47900123FAF77600DFF64E /* icon03.png */; };
		5B47900C23FAF78300DFF64E /* SideBarVC.swift in Sources */ = {isa = PBXBuildFile; fileRef = 5B47900B23FAF78300DFF64E /* SideBarVC.swift */; };
		5B47901023FC177800DFF64E /* SWRevealViewController.m in Sources */ = {isa = PBXBuildFile; fileRef = 5B47900F23FC177800DFF64E /* SWRevealViewController.m */; };
		5B65221523B4FF10001D0F2D /* AppDelegate.swift in Sources */ = {isa = PBXBuildFile; fileRef = 5B65221423B4FF10001D0F2D /* AppDelegate.swift */; };
		5B65221723B4FF10001D0F2D /* SceneDelegate.swift in Sources */ = {isa = PBXBuildFile; fileRef = 5B65221623B4FF10001D0F2D /* SceneDelegate.swift */; };
		5B65221C23B4FF10001D0F2D /* Main.storyboard in Resources */ = {isa = PBXBuildFile; fileRef = 5B65221A23B4FF10001D0F2D /* Main.storyboard */; };
		5B65221F23B4FF10001D0F2D /* MyMemory.xcdatamodeld in Sources */ = {isa = PBXBuildFile; fileRef = 5B65221D23B4FF10001D0F2D /* MyMemory.xcdatamodeld */; };
		5B65222123B4FF11001D0F2D /* Assets.xcassets in Resources */ = {isa = PBXBuildFile; fileRef = 5B65222023B4FF11001D0F2D /* Assets.xcassets */; };
		5B65222423B4FF11001D0F2D /* LaunchScreen.storyboard in Resources */ = {isa = PBXBuildFile; fileRef = 5B65222223B4FF11001D0F2D /* LaunchScreen.storyboard */; };
		5B671A8C23FC24B4007E9D8E /* ProfileVC.swift in Sources */ = {isa = PBXBuildFile; fileRef = 5B671A8B23FC24B4007E9D8E /* ProfileVC.swift */; };
		5BA9206323F2F3F700441CB1 /* CSLogButton.swift in Sources */ = {isa = PBXBuildFile; fileRef = 5BA9206223F2F3F700441CB1 /* CSLogButton.swift */; };
		5BA9222323F2F58000441CB1 /* button-bg.png in Resources */ = {isa = PBXBuildFile; fileRef = 5BA9222223F2F58000441CB1 /* button-bg.png */; };
		5BA9222523F2FA0200441CB1 /* memo-background@2x.png in Resources */ = {isa = PBXBuildFile; fileRef = 5BA9222423F2FA0200441CB1 /* memo-background@2x.png */; };
		5BA9222723F3014700441CB1 /* warning-icon-60@2x.png in Resources */ = {isa = PBXBuildFile; fileRef = 5BA9222623F3014700441CB1 /* warning-icon-60@2x.png */; };
		5BB225A923B5661400A6EF83 /* MemoListVC.swift in Sources */ = {isa = PBXBuildFile; fileRef = 5BB225A823B5661400A6EF83 /* MemoListVC.swift */; };
		5BB225AB23B5664E00A6EF83 /* MemoFormVC.swift in Sources */ = {isa = PBXBuildFile; fileRef = 5BB225AA23B5664E00A6EF83 /* MemoFormVC.swift */; };
		5BB225AD23B5668E00A6EF83 /* MemoReadVC.swift in Sources */ = {isa = PBXBuildFile; fileRef = 5BB225AC23B5668E00A6EF83 /* MemoReadVC.swift */; };
		5BB225AF23B566F500A6EF83 /* MemoCell.swift in Sources */ = {isa = PBXBuildFile; fileRef = 5BB225AE23B566F500A6EF83 /* MemoCell.swift */; };
		5BF3983423B7043E009AE4C0 /* MemoData.swift in Sources */ = {isa = PBXBuildFile; fileRef = 5BF3983323B7043E009AE4C0 /* MemoData.swift */; };
		5BF399FB23B75B09009AE4C0 /* fountainpen@2x.png in Resources */ = {isa = PBXBuildFile; fileRef = 5BF399FA23B75B09009AE4C0 /* fountainpen@2x.png */; };
/* End PBXBuildFile section */

/* Begin PBXFileReference section */
		5B3E438E248E6BF800C74E34 /* UserInfoManager.swift */ = {isa = PBXFileReference; lastKnownFileType = sourcecode.swift; path = UserInfoManager.swift; sourceTree = "<group>"; };
		5B478FF923FAF77600DFF64E /* icon04.png */ = {isa = PBXFileReference; lastKnownFileType = image.png; path = icon04.png; sourceTree = "<group>"; };
		5B478FFA23FAF77600DFF64E /* icon05.png */ = {isa = PBXFileReference; lastKnownFileType = image.png; path = icon05.png; sourceTree = "<group>"; };
		5B478FFB23FAF77600DFF64E /* icon02.png */ = {isa = PBXFileReference; lastKnownFileType = image.png; path = icon02.png; sourceTree = "<group>"; };
		5B478FFC23FAF77600DFF64E /* sidemenu.png */ = {isa = PBXFileReference; lastKnownFileType = image.png; path = sidemenu.png; sourceTree = "<group>"; };
		5B478FFD23FAF77600DFF64E /* profile-bg.png */ = {isa = PBXFileReference; lastKnownFileType = image.png; path = "profile-bg.png"; sourceTree = "<group>"; };
		5B478FFE23FAF77600DFF64E /* account@2x.jpg */ = {isa = PBXFileReference; lastKnownFileType = image.jpeg; path = "account@2x.jpg"; sourceTree = "<group>"; };
		5B478FFF23FAF77600DFF64E /* icon06.png */ = {isa = PBXFileReference; lastKnownFileType = image.png; path = icon06.png; sourceTree = "<group>"; };
		5B47900023FAF77600DFF64E /* icon01.png */ = {isa = PBXFileReference; lastKnownFileType = image.png; path = icon01.png; sourceTree = "<group>"; };
		5B47900123FAF77600DFF64E /* icon03.png */ = {isa = PBXFileReference; lastKnownFileType = image.png; path = icon03.png; sourceTree = "<group>"; };
		5B47900B23FAF78300DFF64E /* SideBarVC.swift */ = {isa = PBXFileReference; lastKnownFileType = sourcecode.swift; path = SideBarVC.swift; sourceTree = "<group>"; };
		5B47900D23FC177700DFF64E /* MyMemory-Bridging-Header.h */ = {isa = PBXFileReference; lastKnownFileType = sourcecode.c.h; path = "MyMemory-Bridging-Header.h"; sourceTree = "<group>"; };
		5B47900E23FC177800DFF64E /* SWRevealViewController.h */ = {isa = PBXFileReference; fileEncoding = 4; lastKnownFileType = sourcecode.c.h; path = SWRevealViewController.h; sourceTree = "<group>"; };
		5B47900F23FC177800DFF64E /* SWRevealViewController.m */ = {isa = PBXFileReference; fileEncoding = 4; lastKnownFileType = sourcecode.c.objc; path = SWRevealViewController.m; sourceTree = "<group>"; };
		5B65221123B4FF10001D0F2D /* 페이퍼-잇.app */ = {isa = PBXFileReference; explicitFileType = wrapper.application; includeInIndex = 0; path = "페이퍼-잇.app"; sourceTree = BUILT_PRODUCTS_DIR; };
		5B65221423B4FF10001D0F2D /* AppDelegate.swift */ = {isa = PBXFileReference; lastKnownFileType = sourcecode.swift; path = AppDelegate.swift; sourceTree = "<group>"; };
		5B65221623B4FF10001D0F2D /* SceneDelegate.swift */ = {isa = PBXFileReference; lastKnownFileType = sourcecode.swift; path = SceneDelegate.swift; sourceTree = "<group>"; };
		5B65221B23B4FF10001D0F2D /* Base */ = {isa = PBXFileReference; lastKnownFileType = file.storyboard; name = Base; path = Base.lproj/Main.storyboard; sourceTree = "<group>"; };
		5B65221E23B4FF10001D0F2D /* MyMemory.xcdatamodel */ = {isa = PBXFileReference; lastKnownFileType = wrapper.xcdatamodel; path = MyMemory.xcdatamodel; sourceTree = "<group>"; };
		5B65222023B4FF11001D0F2D /* Assets.xcassets */ = {isa = PBXFileReference; lastKnownFileType = folder.assetcatalog; path = Assets.xcassets; sourceTree = "<group>"; };
		5B65222323B4FF11001D0F2D /* Base */ = {isa = PBXFileReference; lastKnownFileType = file.storyboard; name = Base; path = Base.lproj/LaunchScreen.storyboard; sourceTree = "<group>"; };
		5B65222523B4FF11001D0F2D /* Info.plist */ = {isa = PBXFileReference; lastKnownFileType = text.plist.xml; path = Info.plist; sourceTree = "<group>"; };
		5B671A8B23FC24B4007E9D8E /* ProfileVC.swift */ = {isa = PBXFileReference; lastKnownFileType = sourcecode.swift; path = ProfileVC.swift; sourceTree = "<group>"; };
		5BA9206223F2F3F700441CB1 /* CSLogButton.swift */ = {isa = PBXFileReference; lastKnownFileType = sourcecode.swift; path = CSLogButton.swift; sourceTree = "<group>"; };
		5BA9222223F2F58000441CB1 /* button-bg.png */ = {isa = PBXFileReference; lastKnownFileType = image.png; path = "button-bg.png"; sourceTree = "<group>"; };
		5BA9222423F2FA0200441CB1 /* memo-background@2x.png */ = {isa = PBXFileReference; lastKnownFileType = image.png; path = "memo-background@2x.png"; sourceTree = "<group>"; };
		5BA9222623F3014700441CB1 /* warning-icon-60@2x.png */ = {isa = PBXFileReference; lastKnownFileType = image.png; path = "warning-icon-60@2x.png"; sourceTree = "<group>"; };
		5BB225A823B5661400A6EF83 /* MemoListVC.swift */ = {isa = PBXFileReference; lastKnownFileType = sourcecode.swift; path = MemoListVC.swift; sourceTree = "<group>"; };
		5BB225AA23B5664E00A6EF83 /* MemoFormVC.swift */ = {isa = PBXFileReference; lastKnownFileType = sourcecode.swift; path = MemoFormVC.swift; sourceTree = "<group>"; };
		5BB225AC23B5668E00A6EF83 /* MemoReadVC.swift */ = {isa = PBXFileReference; lastKnownFileType = sourcecode.swift; path = MemoReadVC.swift; sourceTree = "<group>"; };
		5BB225AE23B566F500A6EF83 /* MemoCell.swift */ = {isa = PBXFileReference; lastKnownFileType = sourcecode.swift; path = MemoCell.swift; sourceTree = "<group>"; };
		5BF3983323B7043E009AE4C0 /* MemoData.swift */ = {isa = PBXFileReference; lastKnownFileType = sourcecode.swift; path = MemoData.swift; sourceTree = "<group>"; };
		5BF399FA23B75B09009AE4C0 /* fountainpen@2x.png */ = {isa = PBXFileReference; lastKnownFileType = image.png; path = "fountainpen@2x.png"; sourceTree = "<group>"; };
/* End PBXFileReference section */

/* Begin PBXFrameworksBuildPhase section */
		5B65220E23B4FF10001D0F2D /* Frameworks */ = {
			isa = PBXFrameworksBuildPhase;
			buildActionMask = 2147483647;
			files = (
			);
			runOnlyForDeploymentPostprocessing = 0;
		};
/* End PBXFrameworksBuildPhase section */

/* Begin PBXGroup section */
		5B65220823B4FF10001D0F2D = {
			isa = PBXGroup;
			children = (
				5BF3983523B75931009AE4C0 /* Resources */,
				5B65221323B4FF10001D0F2D /* MyMemory */,
				5B65221223B4FF10001D0F2D /* Products */,
			);
			sourceTree = "<group>";
		};
		5B65221223B4FF10001D0F2D /* Products */ = {
			isa = PBXGroup;
			children = (
				5B65221123B4FF10001D0F2D /* 페이퍼-잇.app */,
			);
			name = Products;
			sourceTree = "<group>";
		};
		5B65221323B4FF10001D0F2D /* MyMemory */ = {
			isa = PBXGroup;
			children = (
				5B47900E23FC177800DFF64E /* SWRevealViewController.h */,
				5B47900F23FC177800DFF64E /* SWRevealViewController.m */,
				5BA9206223F2F3F700441CB1 /* CSLogButton.swift */,
				5B65221423B4FF10001D0F2D /* AppDelegate.swift */,
				5B65221623B4FF10001D0F2D /* SceneDelegate.swift */,
				5B65221A23B4FF10001D0F2D /* Main.storyboard */,
				5BF3983323B7043E009AE4C0 /* MemoData.swift */,
				5BB225AE23B566F500A6EF83 /* MemoCell.swift */,
				5BB225A823B5661400A6EF83 /* MemoListVC.swift */,
				5BB225AA23B5664E00A6EF83 /* MemoFormVC.swift */,
				5BB225AC23B5668E00A6EF83 /* MemoReadVC.swift */,
				5B65222023B4FF11001D0F2D /* Assets.xcassets */,
				5B65222223B4FF11001D0F2D /* LaunchScreen.storyboard */,
				5B65222523B4FF11001D0F2D /* Info.plist */,
				5B65221D23B4FF10001D0F2D /* MyMemory.xcdatamodeld */,
				5B47900B23FAF78300DFF64E /* SideBarVC.swift */,
				5B671A8B23FC24B4007E9D8E /* ProfileVC.swift */,
				5B47900D23FC177700DFF64E /* MyMemory-Bridging-Header.h */,
				5B3E438E248E6BF800C74E34 /* UserInfoManager.swift */,
			);
			path = MyMemory;
			sourceTree = "<group>";
		};
		5BF3983523B75931009AE4C0 /* Resources */ = {
			isa = PBXGroup;
			children = (
				5B478FFE23FAF77600DFF64E /* account@2x.jpg */,
				5B47900023FAF77600DFF64E /* icon01.png */,
				5B478FFB23FAF77600DFF64E /* icon02.png */,
				5B47900123FAF77600DFF64E /* icon03.png */,
				5B478FF923FAF77600DFF64E /* icon04.png */,
				5B478FFA23FAF77600DFF64E /* icon05.png */,
				5B478FFF23FAF77600DFF64E /* icon06.png */,
				5B478FFD23FAF77600DFF64E /* profile-bg.png */,
				5B478FFC23FAF77600DFF64E /* sidemenu.png */,
				5BA9222623F3014700441CB1 /* warning-icon-60@2x.png */,
				5BA9222423F2FA0200441CB1 /* memo-background@2x.png */,
				5BA9222223F2F58000441CB1 /* button-bg.png */,
				5BF399FA23B75B09009AE4C0 /* fountainpen@2x.png */,
			);
			path = Resources;
			sourceTree = "<group>";
		};
/* End PBXGroup section */

/* Begin PBXNativeTarget section */
		5B65221023B4FF10001D0F2D /* MyMemory */ = {
			isa = PBXNativeTarget;
			buildConfigurationList = 5B65222823B4FF11001D0F2D /* Build configuration list for PBXNativeTarget "MyMemory" */;
			buildPhases = (
				5B65220D23B4FF10001D0F2D /* Sources */,
				5B65220E23B4FF10001D0F2D /* Frameworks */,
				5B65220F23B4FF10001D0F2D /* Resources */,
			);
			buildRules = (
			);
			dependencies = (
			);
			name = MyMemory;
			productName = MyMemory;
			productReference = 5B65221123B4FF10001D0F2D /* 페이퍼-잇.app */;
			productType = "com.apple.product-type.application";
		};
/* End PBXNativeTarget section */

/* Begin PBXProject section */
		5B65220923B4FF10001D0F2D /* Project object */ = {
			isa = PBXProject;
			attributes = {
				LastSwiftUpdateCheck = 1130;
				LastUpgradeCheck = 1130;
				ORGANIZATIONNAME = JSPRO;
				TargetAttributes = {
					5B65221023B4FF10001D0F2D = {
						CreatedOnToolsVersion = 11.3;
						LastSwiftMigration = 1130;
					};
				};
			};
			buildConfigurationList = 5B65220C23B4FF10001D0F2D /* Build configuration list for PBXProject "MyMemory" */;
			compatibilityVersion = "Xcode 9.3";
			developmentRegion = en;
			hasScannedForEncodings = 0;
			knownRegions = (
				en,
				Base,
			);
			mainGroup = 5B65220823B4FF10001D0F2D;
			productRefGroup = 5B65221223B4FF10001D0F2D /* Products */;
			projectDirPath = "";
			projectRoot = "";
			targets = (
				5B65221023B4FF10001D0F2D /* MyMemory */,
			);
		};
/* End PBXProject section */

/* Begin PBXResourcesBuildPhase section */
		5B65220F23B4FF10001D0F2D /* Resources */ = {
			isa = PBXResourcesBuildPhase;
			buildActionMask = 2147483647;
			files = (
				5B47900523FAF77600DFF64E /* sidemenu.png in Resources */,
				5B65222423B4FF11001D0F2D /* LaunchScreen.storyboard in Resources */,
				5B47900323FAF77600DFF64E /* icon05.png in Resources */,
				5BA9222323F2F58000441CB1 /* button-bg.png in Resources */,
				5B47900623FAF77600DFF64E /* profile-bg.png in Resources */,
				5B47900223FAF77600DFF64E /* icon04.png in Resources */,
				5B47900823FAF77600DFF64E /* icon06.png in Resources */,
				5B47900423FAF77600DFF64E /* icon02.png in Resources */,
				5B65222123B4FF11001D0F2D /* Assets.xcassets in Resources */,
				5B47900A23FAF77600DFF64E /* icon03.png in Resources */,
				5BF399FB23B75B09009AE4C0 /* fountainpen@2x.png in Resources */,
				5BA9222523F2FA0200441CB1 /* memo-background@2x.png in Resources */,
				5B65221C23B4FF10001D0F2D /* Main.storyboard in Resources */,
				5BA9222723F3014700441CB1 /* warning-icon-60@2x.png in Resources */,
				5B47900723FAF77600DFF64E /* account@2x.jpg in Resources */,
				5B47900923FAF77600DFF64E /* icon01.png in Resources */,
			);
			runOnlyForDeploymentPostprocessing = 0;
		};
/* End PBXResourcesBuildPhase section */

/* Begin PBXSourcesBuildPhase section */
		5B65220D23B4FF10001D0F2D /* Sources */ = {
			isa = PBXSourcesBuildPhase;
			buildActionMask = 2147483647;
			files = (
				5B671A8C23FC24B4007E9D8E /* ProfileVC.swift in Sources */,
				5BA9206323F2F3F700441CB1 /* CSLogButton.swift in Sources */,
				5BB225AF23B566F500A6EF83 /* MemoCell.swift in Sources */,
				5BF3983423B7043E009AE4C0 /* MemoData.swift in Sources */,
				5B65221F23B4FF10001D0F2D /* MyMemory.xcdatamodeld in Sources */,
				5BB225AB23B5664E00A6EF83 /* MemoFormVC.swift in Sources */,
				5B47900C23FAF78300DFF64E /* SideBarVC.swift in Sources */,
				5BB225AD23B5668E00A6EF83 /* MemoReadVC.swift in Sources */,
				5B65221523B4FF10001D0F2D /* AppDelegate.swift in Sources */,
				5B47901023FC177800DFF64E /* SWRevealViewController.m in Sources */,
				5B3E438F248E6BF800C74E34 /* UserInfoManager.swift in Sources */,
				5BB225A923B5661400A6EF83 /* MemoListVC.swift in Sources */,
				5B65221723B4FF10001D0F2D /* SceneDelegate.swift in Sources */,
			);
			runOnlyForDeploymentPostprocessing = 0;
		};
/* End PBXSourcesBuildPhase section */

/* Begin PBXVariantGroup section */
		5B65221A23B4FF10001D0F2D /* Main.storyboard */ = {
			isa = PBXVariantGroup;
			children = (
				5B65221B23B4FF10001D0F2D /* Base */,
			);
			name = Main.storyboard;
			sourceTree = "<group>";
		};
		5B65222223B4FF11001D0F2D /* LaunchScreen.storyboard */ = {
			isa = PBXVariantGroup;
			children = (
				5B65222323B4FF11001D0F2D /* Base */,
			);
			name = LaunchScreen.storyboard;
			sourceTree = "<group>";
		};
/* End PBXVariantGroup section */

/* Begin XCBuildConfiguration section */
		5B65222623B4FF11001D0F2D /* Debug */ = {
			isa = XCBuildConfiguration;
			buildSettings = {
				ALWAYS_SEARCH_USER_PATHS = NO;
				CLANG_ANALYZER_NONNULL = YES;
				CLANG_ANALYZER_NUMBER_OBJECT_CONVERSION = YES_AGGRESSIVE;
				CLANG_CXX_LANGUAGE_STANDARD = "gnu++14";
				CLANG_CXX_LIBRARY = "libc++";
				CLANG_ENABLE_MODULES = YES;
				CLANG_ENABLE_OBJC_ARC = YES;
				CLANG_ENABLE_OBJC_WEAK = YES;
				CLANG_WARN_BLOCK_CAPTURE_AUTORELEASING = YES;
				CLANG_WARN_BOOL_CONVERSION = YES;
				CLANG_WARN_COMMA = YES;
				CLANG_WARN_CONSTANT_CONVERSION = YES;
				CLANG_WARN_DEPRECATED_OBJC_IMPLEMENTATIONS = YES;
				CLANG_WARN_DIRECT_OBJC_ISA_USAGE = YES_ERROR;
				CLANG_WARN_DOCUMENTATION_COMMENTS = YES;
				CLANG_WARN_EMPTY_BODY = YES;
				CLANG_WARN_ENUM_CONVERSION = YES;
				CLANG_WARN_INFINITE_RECURSION = YES;
				CLANG_WARN_INT_CONVERSION = YES;
				CLANG_WARN_NON_LITERAL_NULL_CONVERSION = YES;
				CLANG_WARN_OBJC_IMPLICIT_RETAIN_SELF = YES;
				CLANG_WARN_OBJC_LITERAL_CONVERSION = YES;
				CLANG_WARN_OBJC_ROOT_CLASS = YES_ERROR;
				CLANG_WARN_RANGE_LOOP_ANALYSIS = YES;
				CLANG_WARN_STRICT_PROTOTYPES = YES;
				CLANG_WARN_SUSPICIOUS_MOVE = YES;
				CLANG_WARN_UNGUARDED_AVAILABILITY = YES_AGGRESSIVE;
				CLANG_WARN_UNREACHABLE_CODE = YES;
				CLANG_WARN__DUPLICATE_METHOD_MATCH = YES;
				COPY_PHASE_STRIP = NO;
				DEBUG_INFORMATION_FORMAT = dwarf;
				ENABLE_STRICT_OBJC_MSGSEND = YES;
				ENABLE_TESTABILITY = YES;
				GCC_C_LANGUAGE_STANDARD = gnu11;
				GCC_DYNAMIC_NO_PIC = NO;
				GCC_NO_COMMON_BLOCKS = YES;
				GCC_OPTIMIZATION_LEVEL = 0;
				GCC_PREPROCESSOR_DEFINITIONS = (
					"DEBUG=1",
					"$(inherited)",
				);
				GCC_WARN_64_TO_32_BIT_CONVERSION = YES;
				GCC_WARN_ABOUT_RETURN_TYPE = YES_ERROR;
				GCC_WARN_UNDECLARED_SELECTOR = YES;
				GCC_WARN_UNINITIALIZED_AUTOS = YES_AGGRESSIVE;
				GCC_WARN_UNUSED_FUNCTION = YES;
				GCC_WARN_UNUSED_VARIABLE = YES;
				IPHONEOS_DEPLOYMENT_TARGET = 13.2;
				MTL_ENABLE_DEBUG_INFO = INCLUDE_SOURCE;
				MTL_FAST_MATH = YES;
				ONLY_ACTIVE_ARCH = YES;
				SDKROOT = iphoneos;
				SWIFT_ACTIVE_COMPILATION_CONDITIONS = DEBUG;
				SWIFT_OPTIMIZATION_LEVEL = "-Onone";
			};
			name = Debug;
		};
		5B65222723B4FF11001D0F2D /* Release */ = {
			isa = XCBuildConfiguration;
			buildSettings = {
				ALWAYS_SEARCH_USER_PATHS = NO;
				CLANG_ANALYZER_NONNULL = YES;
				CLANG_ANALYZER_NUMBER_OBJECT_CONVERSION = YES_AGGRESSIVE;
				CLANG_CXX_LANGUAGE_STANDARD = "gnu++14";
				CLANG_CXX_LIBRARY = "libc++";
				CLANG_ENABLE_MODULES = YES;
				CLANG_ENABLE_OBJC_ARC = YES;
				CLANG_ENABLE_OBJC_WEAK = YES;
				CLANG_WARN_BLOCK_CAPTURE_AUTORELEASING = YES;
				CLANG_WARN_BOOL_CONVERSION = YES;
				CLANG_WARN_COMMA = YES;
				CLANG_WARN_CONSTANT_CONVERSION = YES;
				CLANG_WARN_DEPRECATED_OBJC_IMPLEMENTATIONS = YES;
				CLANG_WARN_DIRECT_OBJC_ISA_USAGE = YES_ERROR;
				CLANG_WARN_DOCUMENTATION_COMMENTS = YES;
				CLANG_WARN_EMPTY_BODY = YES;
				CLANG_WARN_ENUM_CONVERSION = YES;
				CLANG_WARN_INFINITE_RECURSION = YES;
				CLANG_WARN_INT_CONVERSION = YES;
				CLANG_WARN_NON_LITERAL_NULL_CONVERSION = YES;
				CLANG_WARN_OBJC_IMPLICIT_RETAIN_SELF = YES;
				CLANG_WARN_OBJC_LITERAL_CONVERSION = YES;
				CLANG_WARN_OBJC_ROOT_CLASS = YES_ERROR;
				CLANG_WARN_RANGE_LOOP_ANALYSIS = YES;
				CLANG_WARN_STRICT_PROTOTYPES = YES;
				CLANG_WARN_SUSPICIOUS_MOVE = YES;
				CLANG_WARN_UNGUARDED_AVAILABILITY = YES_AGGRESSIVE;
				CLANG_WARN_UNREACHABLE_CODE = YES;
				CLANG_WARN__DUPLICATE_METHOD_MATCH = YES;
				COPY_PHASE_STRIP = NO;
				DEBUG_INFORMATION_FORMAT = "dwarf-with-dsym";
				ENABLE_NS_ASSERTIONS = NO;
				ENABLE_STRICT_OBJC_MSGSEND = YES;
				GCC_C_LANGUAGE_STANDARD = gnu11;
				GCC_NO_COMMON_BLOCKS = YES;
				GCC_WARN_64_TO_32_BIT_CONVERSION = YES;
				GCC_WARN_ABOUT_RETURN_TYPE = YES_ERROR;
				GCC_WARN_UNDECLARED_SELECTOR = YES;
				GCC_WARN_UNINITIALIZED_AUTOS = YES_AGGRESSIVE;
				GCC_WARN_UNUSED_FUNCTION = YES;
				GCC_WARN_UNUSED_VARIABLE = YES;
				IPHONEOS_DEPLOYMENT_TARGET = 13.2;
				MTL_ENABLE_DEBUG_INFO = NO;
				MTL_FAST_MATH = YES;
				SDKROOT = iphoneos;
				SWIFT_COMPILATION_MODE = wholemodule;
				SWIFT_OPTIMIZATION_LEVEL = "-O";
				VALIDATE_PRODUCT = YES;
			};
			name = Release;
		};
		5B65222923B4FF11001D0F2D /* Debug */ = {
			isa = XCBuildConfiguration;
			buildSettings = {
				ASSETCATALOG_COMPILER_APPICON_NAME = AppIcon;
				CLANG_ENABLE_MODULES = YES;
				CODE_SIGN_STYLE = Automatic;
				DEVELOPMENT_TEAM = DAH3QXS8T7;
				INFOPLIST_FILE = MyMemory/Info.plist;
				LD_RUNPATH_SEARCH_PATHS = (
					"$(inherited)",
					"@executable_path/Frameworks",
				);
				PRODUCT_BUNDLE_IDENTIFIER = com.kakao.MyMemoryJS;
				PRODUCT_NAME = "페이퍼-잇";
				SWIFT_OBJC_BRIDGING_HEADER = "MyMemory/MyMemory-Bridging-Header.h";
				SWIFT_OPTIMIZATION_LEVEL = "-Onone";
				SWIFT_VERSION = 5.0;
				TARGETED_DEVICE_FAMILY = "1,2";
			};
			name = Debug;
		};
		5B65222A23B4FF11001D0F2D /* Release */ = {
			isa = XCBuildConfiguration;
			buildSettings = {
				ASSETCATALOG_COMPILER_APPICON_NAME = AppIcon;
				CLANG_ENABLE_MODULES = YES;
				CODE_SIGN_IDENTITY = "Apple Development";
				CODE_SIGN_STYLE = Automatic;
				DEVELOPMENT_TEAM = DAH3QXS8T7;
				INFOPLIST_FILE = MyMemory/Info.plist;
				LD_RUNPATH_SEARCH_PATHS = (
					"$(inherited)",
					"@executable_path/Frameworks",
				);
				PRODUCT_BUNDLE_IDENTIFIER = com.kakao.MyMemoryJS;
				PRODUCT_NAME = "페이퍼-잇";
				PROVISIONING_PROFILE_SPECIFIER = "";
				SWIFT_OBJC_BRIDGING_HEADER = "MyMemory/MyMemory-Bridging-Header.h";
				SWIFT_VERSION = 5.0;
				TARGETED_DEVICE_FAMILY = "1,2";
			};
			name = Release;
		};
/* End XCBuildConfiguration section */

/* Begin XCConfigurationList section */
		5B65220C23B4FF10001D0F2D /* Build configuration list for PBXProject "MyMemory" */ = {
			isa = XCConfigurationList;
			buildConfigurations = (
				5B65222623B4FF11001D0F2D /* Debug */,
				5B65222723B4FF11001D0F2D /* Release */,
			);
			defaultConfigurationIsVisible = 0;
			defaultConfigurationName = Release;
		};
		5B65222823B4FF11001D0F2D /* Build configuration list for PBXNativeTarget "MyMemory" */ = {
			isa = XCConfigurationList;
			buildConfigurations = (
				5B65222923B4FF11001D0F2D /* Debug */,
				5B65222A23B4FF11001D0F2D /* Release */,
			);
			defaultConfigurationIsVisible = 0;
			defaultConfigurationName = Release;
		};
/* End XCConfigurationList section */

/* Begin XCVersionGroup section */
		5B65221D23B4FF10001D0F2D /* MyMemory.xcdatamodeld */ = {
			isa = XCVersionGroup;
			children = (
				5B65221E23B4FF10001D0F2D /* MyMemory.xcdatamodel */,
			);
			currentVersion = 5B65221E23B4FF10001D0F2D /* MyMemory.xcdatamodel */;
			path = MyMemory.xcdatamodeld;
			sourceTree = "<group>";
			versionGroupType = wrapper.xcdatamodel;
		};
/* End XCVersionGroup section */
	};
	rootObject = 5B65220923B4FF10001D0F2D /* Project object */;
}
